PODS:
  - Alamofire (4.8.2)
  - Hue (5.0.0)
  - ObjectMapper (3.5.1)

DEPENDENCIES:
  - Alamofire
  - Hue
  - ObjectMapper

SPEC REPOS:
  https://github.com/cocoapods/specs.git:
    - Alamofire
    - Hue
    - ObjectMapper

SPEC CHECKSUMS:
  Alamofire: ae5c501addb7afdbb13687d7f2f722c78734c2d3
  Hue: c129cb67be7d093a82bbbc30ce8a96757bf6f37a
  ObjectMapper: 70187b8941977c62ccfb423caf6b50be405cabf0

PODFILE CHECKSUM: 4b00ddb62282a67a10e0b970575ff33e191119bd

COCOAPODS: 1.7.5
